# This file is automatically @generated by Poetry 2.2.1 and should not be changed by hand.

[[package]]
name = "simpy"
version = "4.1.1"
description = "Event discrete, process based simulation for Python."
optional = false
python-versions = ">=3.8"
groups = ["main"]
files = [
    {file = "simpy-4.1.1-py3-none-any.whl", hash = "sha256:7c5ae380240fd2238671160e4830956f8055830a8317edf5c05e495b3823cd88"},
    {file = "simpy-4.1.1.tar.gz", hash = "sha256:06d0750a7884b11e0e8e20ce0bc7c6d4ed5f1743d456695340d13fdff95001a6"},
]

[metadata]
lock-version = "2.1"
python-versions = ">=3.12"
content-hash = "5c0d3a0e3c5e82d62582394b4082dafe0006aad3fe3f6476daf815aa59532fcb"
